{
  "name": "project",
  "version": "1.2.8",
  "lockfileVersion": 1,
  "requires": true,
  "dependencies": {
    "promise-polyfill": {
      "version": "6.0.2",
      "resolved": "https://registry.npmjs.org/promise-polyfill/-/promise-polyfill-6.0.2.tgz",
      "integrity": "sha1-2chtPcTcLfkBboiUbe/Wm0m0EWI="
    },
    "regenerator-runtime": {
      "version": "0.10.5",
      "resolved": "https://registry.npmjs.org/regenerator-runtime/-/regenerator-runtime-0.10.5.tgz",
      "integrity": "sha1-M2w+/BIgrc7dosn6tntaeVWjNlg="
    },
    "wepy": {
      "version": "1.5.8",
      "resolved": "https://registry.npmjs.org/wepy/-/wepy-1.5.8.tgz",
      "integrity": "sha1-QQ5AvmqSt1ouwCFVUNN5wTMmCdI="
    },
    "wepy-async-function": {
      "version": "1.4.4",
      "resolved": "https://registry.npmjs.org/wepy-async-function/-/wepy-async-function-1.4.4.tgz",
      "integrity": "sha1-YMrPVlZrwaPr/rCyX6zVTWht70E=",
      "requires": {
        "promise-polyfill": "6.0.2",
        "regenerator-runtime": "0.10.5"
      }
    },
    "wepy-com-toast": {
      "version": "1.0.2",
      "resolved": "https://registry.npmjs.org/wepy-com-toast/-/wepy-com-toast-1.0.2.tgz",
      "integrity": "sha1-b0nNZxkr2t7axfjDb5kL3cLxB/k="
    }
  }
}
